
Microsoft Visual Studio Solution File, Format Version 11.00
# Visual Studio 2010
Project("{FAE04EC0-301F-11D3-BF4B-00C04F79EFBC}") = "Kinobaza.Api", "src\Kinobaza.Api\Kinobaza.Api.csproj", "{C0CF18F5-0870-4E6F-A87B-985E80079C27}"
EndProject
Project("{FAE04EC0-301F-11D3-BF4B-00C04F79EFBC}") = "Kinobaza.Test", "src\Kinobaza.Test\Kinobaza.Test.csproj", "{091E63E9-7B4C-4766-AD97-6B4E1AED3AE6}"
EndProject
Global
	GlobalSection(SolutionConfigurationPlatforms) = preSolution
		Debug|Any CPU = Debug|Any CPU
		Release|Any CPU = Release|Any CPU
	EndGlobalSection
	GlobalSection(ProjectConfigurationPlatforms) = postSolution
		{C0CF18F5-0870-4E6F-A87B-985E80079C27}.Debug|Any CPU.ActiveCfg = Debug|Any CPU
		{C0CF18F5-0870-4E6F-A87B-985E80079C27}.Debug|Any CPU.Build.0 = Debug|Any CPU
		{C0CF18F5-0870-4E6F-A87B-985E80079C27}.Release|Any CPU.ActiveCfg = Release|Any CPU
		{C0CF18F5-0870-4E6F-A87B-985E80079C27}.Release|Any CPU.Build.0 = Release|Any CPU
		{091E63E9-7B4C-4766-AD97-6B4E1AED3AE6}.Debug|Any CPU.ActiveCfg = Debug|Any CPU
		{091E63E9-7B4C-4766-AD97-6B4E1AED3AE6}.Debug|Any CPU.Build.0 = Debug|Any CPU
		{091E63E9-7B4C-4766-AD97-6B4E1AED3AE6}.Release|Any CPU.ActiveCfg = Release|Any CPU
		{091E63E9-7B4C-4766-AD97-6B4E1AED3AE6}.Release|Any CPU.Build.0 = Release|Any CPU
	EndGlobalSection
	GlobalSection(SolutionProperties) = preSolution
		HideSolutionNode = FALSE
	EndGlobalSection
EndGlobal
